
Microsoft Visual Studio Solution File, Format Version 12.00
# Visual Studio 2015
Project("{FAE04EC0-301F-11D3-BF4B-00C04F79EFBC}") = "laser-defender", "laser-defender.csproj", "{EA81678F-E07E-2CA1-0350-A02A2A9BA521}"
EndProject
Global
	GlobalSection(SolutionConfigurationPlatforms) = preSolution
		Debug|Any CPU = Debug|Any CPU
		Release|Any CPU = Release|Any CPU
	EndGlobalSection
	GlobalSection(ProjectConfigurationPlatforms) = postSolution
		{EA81678F-E07E-2CA1-0350-A02A2A9BA521}.Debug|Any CPU.ActiveCfg = Debug|Any CPU
		{EA81678F-E07E-2CA1-0350-A02A2A9BA521}.Debug|Any CPU.Build.0 = Debug|Any CPU
		{EA81678F-E07E-2CA1-0350-A02A2A9BA521}.Release|Any CPU.ActiveCfg = Release|Any CPU
		{EA81678F-E07E-2CA1-0350-A02A2A9BA521}.Release|Any CPU.Build.0 = Release|Any CPU
	EndGlobalSection
	GlobalSection(SolutionProperties) = preSolution
		HideSolutionNode = FALSE
	EndGlobalSection
EndGlobal
